
Microsoft Visual Studio Solution File, Format Version 12.00
# Visual Studio 15
VisualStudioVersion = 15.0.28010.2036
MinimumVisualStudioVersion = 10.0.40219.1
Project("{FAE04EC0-301F-11D3-BF4B-00C04F79EFBC}") = "Sundew.Xaml.Wpf", "Sundew.Xaml.Wpf\Sundew.Xaml.Wpf.csproj", "{3A38C399-11BC-4024-AEE2-923175BCAA41}"
EndProject
Project("{FAE04EC0-301F-11D3-BF4B-00C04F79EFBC}") = "Sundew.Xaml.UnitTests", "Sundew.Xaml.UnitTests\Sundew.Xaml.UnitTests.csproj", "{D9F63E86-F4FB-4498-8F03-45D0B4D2EA5A}"
EndProject
Project("{FAE04EC0-301F-11D3-BF4B-00C04F79EFBC}") = "Sundew.Xaml.Optimizations", "Sundew.Xaml.Optimizations\Sundew.Xaml.Optimizations.csproj", "{9842B2BB-050E-41E3-A1B7-FCB5E54F1AF9}"
EndProject
Global
	GlobalSection(SolutionConfigurationPlatforms) = preSolution
		Ad-Hoc|Any CPU = Ad-Hoc|Any CPU
		Ad-Hoc|ARM = Ad-Hoc|ARM
		Ad-Hoc|iPhone = Ad-Hoc|iPhone
		Ad-Hoc|iPhoneSimulator = Ad-Hoc|iPhoneSimulator
		Ad-Hoc|x64 = Ad-Hoc|x64
		Ad-Hoc|x86 = Ad-Hoc|x86
		AppStore|Any CPU = AppStore|Any CPU
		AppStore|ARM = AppStore|ARM
		AppStore|iPhone = AppStore|iPhone
		AppStore|iPhoneSimulator = AppStore|iPhoneSimulator
		AppStore|x64 = AppStore|x64
		AppStore|x86 = AppStore|x86
		Debug|Any CPU = Debug|Any CPU
		Debug|ARM = Debug|ARM
		Debug|iPhone = Debug|iPhone
		Debug|iPhoneSimulator = Debug|iPhoneSimulator
		Debug|x64 = Debug|x64
		Debug|x86 = Debug|x86
		Release|Any CPU = Release|Any CPU
		Release|ARM = Release|ARM
		Release|iPhone = Release|iPhone
		Release|iPhoneSimulator = Release|iPhoneSimulator
		Release|x64 = Release|x64
		Release|x86 = Release|x86
	EndGlobalSection
	GlobalSection(ProjectConfigurationPlatforms) = postSolution
		{3A38C399-11BC-4024-AEE2-923175BCAA41}.Ad-Hoc|Any CPU.ActiveCfg = Release|Any CPU
		{3A38C399-11BC-4024-AEE2-923175BCAA41}.Ad-Hoc|Any CPU.Build.0 = Release|Any CPU
		{3A38C399-11BC-4024-AEE2-923175BCAA41}.Ad-Hoc|ARM.ActiveCfg = Release|Any CPU
		{3A38C399-11BC-4024-AEE2-923175BCAA41}.Ad-Hoc|ARM.Build.0 = Release|Any CPU
		{3A38C399-11BC-4024-AEE2-923175BCAA41}.Ad-Hoc|iPhone.ActiveCfg = Release|Any CPU
		{3A38C399-11BC-4024-AEE2-923175BCAA41}.Ad-Hoc|iPhone.Build.0 = Release|Any CPU
		{3A38C399-11BC-4024-AEE2-923175BCAA41}.Ad-Hoc|iPhoneSimulator.ActiveCfg = Release|Any CPU
		{3A38C399-11BC-4024-AEE2-923175BCAA41}.Ad-Hoc|iPhoneSimulator.Build.0 = Release|Any CPU
		{3A38C399-11BC-4024-AEE2-923175BCAA41}.Ad-Hoc|x64.ActiveCfg = Release|Any CPU
		{3A38C399-11BC-4024-AEE2-923175BCAA41}.Ad-Hoc|x64.Build.0 = Release|Any CPU
		{3A38C399-11BC-4024-AEE2-923175BCAA41}.Ad-Hoc|x86.ActiveCfg = Release|Any CPU
		{3A38C399-11BC-4024-AEE2-923175BCAA41}.Ad-Hoc|x86.Build.0 = Release|Any CPU
		{3A38C399-11BC-4024-AEE2-923175BCAA41}.AppStore|Any CPU.ActiveCfg = Release|Any CPU
		{3A38C399-11BC-4024-AEE2-923175BCAA41}.AppStore|Any CPU.Build.0 = Release|Any CPU
		{3A38C399-11BC-4024-AEE2-923175BCAA41}.AppStore|ARM.ActiveCfg = Release|Any CPU
		{3A38C399-11BC-4024-AEE2-923175BCAA41}.AppStore|ARM.Build.0 = Release|Any CPU
		{3A38C399-11BC-4024-AEE2-923175BCAA41}.AppStore|iPhone.ActiveCfg = Release|Any CPU
		{3A38C399-11BC-4024-AEE2-923175BCAA41}.AppStore|iPhone.Build.0 = Release|Any CPU
		{3A38C399-11BC-4024-AEE2-923175BCAA41}.AppStore|iPhoneSimulator.ActiveCfg = Release|Any CPU
		{3A38C399-11BC-4024-AEE2-923175BCAA41}.AppStore|iPhoneSimulator.Build.0 = Release|Any CPU
		{3A38C399-11BC-4024-AEE2-923175BCAA41}.AppStore|x64.ActiveCfg = Release|Any CPU
		{3A38C399-11BC-4024-AEE2-923175BCAA41}.AppStore|x64.Build.0 = Release|Any CPU
		{3A38C399-11BC-4024-AEE2-923175BCAA41}.AppStore|x86.ActiveCfg = Release|Any CPU
		{3A38C399-11BC-4024-AEE2-923175BCAA41}.AppStore|x86.Build.0 = Release|Any CPU
		{3A38C399-11BC-4024-AEE2-923175BCAA41}.Debug|Any CPU.ActiveCfg = Debug|Any CPU
		{3A38C399-11BC-4024-AEE2-923175BCAA41}.Debug|Any CPU.Build.0 = Debug|Any CPU
		{3A38C399-11BC-4024-AEE2-923175BCAA41}.Debug|ARM.ActiveCfg = Debug|Any CPU
		{3A38C399-11BC-4024-AEE2-923175BCAA41}.Debug|ARM.Build.0 = Debug|Any CPU
		{3A38C399-11BC-4024-AEE2-923175BCAA41}.Debug|iPhone.ActiveCfg = Debug|Any CPU
		{3A38C399-11BC-4024-AEE2-923175BCAA41}.Debug|iPhone.Build.0 = Debug|Any CPU
		{3A38C399-11BC-4024-AEE2-923175BCAA41}.Debug|iPhoneSimulator.ActiveCfg = Debug|Any CPU
		{3A38C399-11BC-4024-AEE2-923175BCAA41}.Debug|iPhoneSimulator.Build.0 = Debug|Any CPU
		{3A38C399-11BC-4024-AEE2-923175BCAA41}.Debug|x64.ActiveCfg = Debug|Any CPU
		{3A38C399-11BC-4024-AEE2-923175BCAA41}.Debug|x64.Build.0 = Debug|Any CPU
		{3A38C399-11BC-4024-AEE2-923175BCAA41}.Debug|x86.ActiveCfg = Debug|Any CPU
		{3A38C399-11BC-4024-AEE2-923175BCAA41}.Debug|x86.Build.0 = Debug|Any CPU
		{3A38C399-11BC-4024-AEE2-923175BCAA41}.Release|Any CPU.ActiveCfg = Release|Any CPU
		{3A38C399-11BC-4024-AEE2-923175BCAA41}.Release|Any CPU.Build.0 = Release|Any CPU
		{3A38C399-11BC-4024-AEE2-923175BCAA41}.Release|ARM.ActiveCfg = Release|Any CPU
		{3A38C399-11BC-4024-AEE2-923175BCAA41}.Release|ARM.Build.0 = Release|Any CPU
		{3A38C399-11BC-4024-AEE2-923175BCAA41}.Release|iPhone.ActiveCfg = Release|Any CPU
		{3A38C399-11BC-4024-AEE2-923175BCAA41}.Release|iPhone.Build.0 = Release|Any CPU
		{3A38C399-11BC-4024-AEE2-923175BCAA41}.Release|iPhoneSimulator.ActiveCfg = Release|Any CPU
		{3A38C399-11BC-4024-AEE2-923175BCAA41}.Release|iPhoneSimulator.Build.0 = Release|Any CPU
		{3A38C399-11BC-4024-AEE2-923175BCAA41}.Release|x64.ActiveCfg = Release|Any CPU
		{3A38C399-11BC-4024-AEE2-923175BCAA41}.Release|x64.Build.0 = Release|Any CPU
		{3A38C399-11BC-4024-AEE2-923175BCAA41}.Release|x86.ActiveCfg = Release|Any CPU
		{3A38C399-11BC-4024-AEE2-923175BCAA41}.Release|x86.Build.0 = Release|Any CPU
		{D9F63E86-F4FB-4498-8F03-45D0B4D2EA5A}.Ad-Hoc|Any CPU.ActiveCfg = Release|Any CPU
		{D9F63E86-F4FB-4498-8F03-45D0B4D2EA5A}.Ad-Hoc|Any CPU.Build.0 = Release|Any CPU
		{D9F63E86-F4FB-4498-8F03-45D0B4D2EA5A}.Ad-Hoc|ARM.ActiveCfg = Release|Any CPU
		{D9F63E86-F4FB-4498-8F03-45D0B4D2EA5A}.Ad-Hoc|ARM.Build.0 = Release|Any CPU
		{D9F63E86-F4FB-4498-8F03-45D0B4D2EA5A}.Ad-Hoc|iPhone.ActiveCfg = Release|Any CPU
		{D9F63E86-F4FB-4498-8F03-45D0B4D2EA5A}.Ad-Hoc|iPhone.Build.0 = Release|Any CPU
		{D9F63E86-F4FB-4498-8F03-45D0B4D2EA5A}.Ad-Hoc|iPhoneSimulator.ActiveCfg = Release|Any CPU
		{D9F63E86-F4FB-4498-8F03-45D0B4D2EA5A}.Ad-Hoc|iPhoneSimulator.Build.0 = Release|Any CPU
		{D9F63E86-F4FB-4498-8F03-45D0B4D2EA5A}.Ad-Hoc|x64.ActiveCfg = Release|Any CPU
		{D9F63E86-F4FB-4498-8F03-45D0B4D2EA5A}.Ad-Hoc|x64.Build.0 = Release|Any CPU
		{D9F63E86-F4FB-4498-8F03-45D0B4D2EA5A}.Ad-Hoc|x86.ActiveCfg = Release|Any CPU
		{D9F63E86-F4FB-4498-8F03-45D0B4D2EA5A}.Ad-Hoc|x86.Build.0 = Release|Any CPU
		{D9F63E86-F4FB-4498-8F03-45D0B4D2EA5A}.AppStore|Any CPU.ActiveCfg = Release|Any CPU
		{D9F63E86-F4FB-4498-8F03-45D0B4D2EA5A}.AppStore|Any CPU.Build.0 = Release|Any CPU
		{D9F63E86-F4FB-4498-8F03-45D0B4D2EA5A}.AppStore|ARM.ActiveCfg = Release|Any CPU
		{D9F63E86-F4FB-4498-8F03-45D0B4D2EA5A}.AppStore|ARM.Build.0 = Release|Any CPU
		{D9F63E86-F4FB-4498-8F03-45D0B4D2EA5A}.AppStore|iPhone.ActiveCfg = Release|Any CPU
		{D9F63E86-F4FB-4498-8F03-45D0B4D2EA5A}.AppStore|iPhone.Build.0 = Release|Any CPU
		{D9F63E86-F4FB-4498-8F03-45D0B4D2EA5A}.AppStore|iPhoneSimulator.ActiveCfg = Release|Any CPU
		{D9F63E86-F4FB-4498-8F03-45D0B4D2EA5A}.AppStore|iPhoneSimulator.Build.0 = Release|Any CPU
		{D9F63E86-F4FB-4498-8F03-45D0B4D2EA5A}.AppStore|x64.ActiveCfg = Release|Any CPU
		{D9F63E86-F4FB-4498-8F03-45D0B4D2EA5A}.AppStore|x64.Build.0 = Release|Any CPU
		{D9F63E86-F4FB-4498-8F03-45D0B4D2EA5A}.AppStore|x86.ActiveCfg = Release|Any CPU
		{D9F63E86-F4FB-4498-8F03-45D0B4D2EA5A}.AppStore|x86.Build.0 = Release|Any CPU
		{D9F63E86-F4FB-4498-8F03-45D0B4D2EA5A}.Debug|Any CPU.ActiveCfg = Debug|Any CPU
		{D9F63E86-F4FB-4498-8F03-45D0B4D2EA5A}.Debug|Any CPU.Build.0 = Debug|Any CPU
		{D9F63E86-F4FB-4498-8F03-45D0B4D2EA5A}.Debug|ARM.ActiveCfg = Debug|Any CPU
		{D9F63E86-F4FB-4498-8F03-45D0B4D2EA5A}.Debug|ARM.Build.0 = Debug|Any CPU
		{D9F63E86-F4FB-4498-8F03-45D0B4D2EA5A}.Debug|iPhone.ActiveCfg = Debug|Any CPU
		{D9F63E86-F4FB-4498-8F03-45D0B4D2EA5A}.Debug|iPhone.Build.0 = Debug|Any CPU
		{D9F63E86-F4FB-4498-8F03-45D0B4D2EA5A}.Debug|iPhoneSimulator.ActiveCfg = Debug|Any CPU
		{D9F63E86-F4FB-4498-8F03-45D0B4D2EA5A}.Debug|iPhoneSimulator.Build.0 = Debug|Any CPU
		{D9F63E86-F4FB-4498-8F03-45D0B4D2EA5A}.Debug|x64.ActiveCfg = Debug|Any CPU
		{D9F63E86-F4FB-4498-8F03-45D0B4D2EA5A}.Debug|x64.Build.0 = Debug|Any CPU
		{D9F63E86-F4FB-4498-8F03-45D0B4D2EA5A}.Debug|x86.ActiveCfg = Debug|Any CPU
		{D9F63E86-F4FB-4498-8F03-45D0B4D2EA5A}.Debug|x86.Build.0 = Debug|Any CPU
		{D9F63E86-F4FB-4498-8F03-45D0B4D2EA5A}.Release|Any CPU.ActiveCfg = Release|Any CPU
		{D9F63E86-F4FB-4498-8F03-45D0B4D2EA5A}.Release|Any CPU.Build.0 = Release|Any CPU
		{D9F63E86-F4FB-4498-8F03-45D0B4D2EA5A}.Release|ARM.ActiveCfg = Release|Any CPU
		{D9F63E86-F4FB-4498-8F03-45D0B4D2EA5A}.Release|ARM.Build.0 = Release|Any CPU
		{D9F63E86-F4FB-4498-8F03-45D0B4D2EA5A}.Release|iPhone.ActiveCfg = Release|Any CPU
		{D9F63E86-F4FB-4498-8F03-45D0B4D2EA5A}.Release|iPhone.Build.0 = Release|Any CPU
		{D9F63E86-F4FB-4498-8F03-45D0B4D2EA5A}.Release|iPhoneSimulator.ActiveCfg = Release|Any CPU
		{D9F63E86-F4FB-4498-8F03-45D0B4D2EA5A}.Release|iPhoneSimulator.Build.0 = Release|Any CPU
		{D9F63E86-F4FB-4498-8F03-45D0B4D2EA5A}.Release|x64.ActiveCfg = Release|Any CPU
		{D9F63E86-F4FB-4498-8F03-45D0B4D2EA5A}.Release|x64.Build.0 = Release|Any CPU
		{D9F63E86-F4FB-4498-8F03-45D0B4D2EA5A}.Release|x86.ActiveCfg = Release|Any CPU
		{D9F63E86-F4FB-4498-8F03-45D0B4D2EA5A}.Release|x86.Build.0 = Release|Any CPU
		{9842B2BB-050E-41E3-A1B7-FCB5E54F1AF9}.Ad-Hoc|Any CPU.ActiveCfg = Release|Any CPU
		{9842B2BB-050E-41E3-A1B7-FCB5E54F1AF9}.Ad-Hoc|Any CPU.Build.0 = Release|Any CPU
		{9842B2BB-050E-41E3-A1B7-FCB5E54F1AF9}.Ad-Hoc|ARM.ActiveCfg = Release|Any CPU
		{9842B2BB-050E-41E3-A1B7-FCB5E54F1AF9}.Ad-Hoc|ARM.Build.0 = Release|Any CPU
		{9842B2BB-050E-41E3-A1B7-FCB5E54F1AF9}.Ad-Hoc|iPhone.ActiveCfg = Release|Any CPU
		{9842B2BB-050E-41E3-A1B7-FCB5E54F1AF9}.Ad-Hoc|iPhone.Build.0 = Release|Any CPU
		{9842B2BB-050E-41E3-A1B7-FCB5E54F1AF9}.Ad-Hoc|iPhoneSimulator.ActiveCfg = Release|Any CPU
		{9842B2BB-050E-41E3-A1B7-FCB5E54F1AF9}.Ad-Hoc|iPhoneSimulator.Build.0 = Release|Any CPU
		{9842B2BB-050E-41E3-A1B7-FCB5E54F1AF9}.Ad-Hoc|x64.ActiveCfg = Release|Any CPU
		{9842B2BB-050E-41E3-A1B7-FCB5E54F1AF9}.Ad-Hoc|x64.Build.0 = Release|Any CPU
		{9842B2BB-050E-41E3-A1B7-FCB5E54F1AF9}.Ad-Hoc|x86.ActiveCfg = Release|Any CPU
		{9842B2BB-050E-41E3-A1B7-FCB5E54F1AF9}.Ad-Hoc|x86.Build.0 = Release|Any CPU
		{9842B2BB-050E-41E3-A1B7-FCB5E54F1AF9}.AppStore|Any CPU.ActiveCfg = Release|Any CPU
		{9842B2BB-050E-41E3-A1B7-FCB5E54F1AF9}.AppStore|Any CPU.Build.0 = Release|Any CPU
		{9842B2BB-050E-41E3-A1B7-FCB5E54F1AF9}.AppStore|ARM.ActiveCfg = Release|Any CPU
		{9842B2BB-050E-41E3-A1B7-FCB5E54F1AF9}.AppStore|ARM.Build.0 = Release|Any CPU
		{9842B2BB-050E-41E3-A1B7-FCB5E54F1AF9}.AppStore|iPhone.ActiveCfg = Release|Any CPU
		{9842B2BB-050E-41E3-A1B7-FCB5E54F1AF9}.AppStore|iPhone.Build.0 = Release|Any CPU
		{9842B2BB-050E-41E3-A1B7-FCB5E54F1AF9}.AppStore|iPhoneSimulator.ActiveCfg = Release|Any CPU
		{9842B2BB-050E-41E3-A1B7-FCB5E54F1AF9}.AppStore|iPhoneSimulator.Build.0 = Release|Any CPU
		{9842B2BB-050E-41E3-A1B7-FCB5E54F1AF9}.AppStore|x64.ActiveCfg = Release|Any CPU
		{9842B2BB-050E-41E3-A1B7-FCB5E54F1AF9}.AppStore|x64.Build.0 = Release|Any CPU
		{9842B2BB-050E-41E3-A1B7-FCB5E54F1AF9}.AppStore|x86.ActiveCfg = Release|Any CPU
		{9842B2BB-050E-41E3-A1B7-FCB5E54F1AF9}.AppStore|x86.Build.0 = Release|Any CPU
		{9842B2BB-050E-41E3-A1B7-FCB5E54F1AF9}.Debug|Any CPU.ActiveCfg = Debug|Any CPU
		{9842B2BB-050E-41E3-A1B7-FCB5E54F1AF9}.Debug|Any CPU.Build.0 = Debug|Any CPU
		{9842B2BB-050E-41E3-A1B7-FCB5E54F1AF9}.Debug|ARM.ActiveCfg = Debug|Any CPU
		{9842B2BB-050E-41E3-A1B7-FCB5E54F1AF9}.Debug|ARM.Build.0 = Debug|Any CPU
		{9842B2BB-050E-41E3-A1B7-FCB5E54F1AF9}.Debug|iPhone.ActiveCfg = Debug|Any CPU
		{9842B2BB-050E-41E3-A1B7-FCB5E54F1AF9}.Debug|iPhone.Build.0 = Debug|Any CPU
		{9842B2BB-050E-41E3-A1B7-FCB5E54F1AF9}.Debug|iPhoneSimulator.ActiveCfg = Debug|Any CPU
		{9842B2BB-050E-41E3-A1B7-FCB5E54F1AF9}.Debug|iPhoneSimulator.Build.0 = Debug|Any CPU
		{9842B2BB-050E-41E3-A1B7-FCB5E54F1AF9}.Debug|x64.ActiveCfg = Debug|Any CPU
		{9842B2BB-050E-41E3-A1B7-FCB5E54F1AF9}.Debug|x64.Build.0 = Debug|Any CPU
		{9842B2BB-050E-41E3-A1B7-FCB5E54F1AF9}.Debug|x86.ActiveCfg = Debug|Any CPU
		{9842B2BB-050E-41E3-A1B7-FCB5E54F1AF9}.Debug|x86.Build.0 = Debug|Any CPU
		{9842B2BB-050E-41E3-A1B7-FCB5E54F1AF9}.Release|Any CPU.ActiveCfg = Release|Any CPU
		{9842B2BB-050E-41E3-A1B7-FCB5E54F1AF9}.Release|Any CPU.Build.0 = Release|Any CPU
		{9842B2BB-050E-41E3-A1B7-FCB5E54F1AF9}.Release|ARM.ActiveCfg = Release|Any CPU
		{9842B2BB-050E-41E3-A1B7-FCB5E54F1AF9}.Release|ARM.Build.0 = Release|Any CPU
		{9842B2BB-050E-41E3-A1B7-FCB5E54F1AF9}.Release|iPhone.ActiveCfg = Release|Any CPU
		{9842B2BB-050E-41E3-A1B7-FCB5E54F1AF9}.Release|iPhone.Build.0 = Release|Any CPU
		{9842B2BB-050E-41E3-A1B7-FCB5E54F1AF9}.Release|iPhoneSimulator.ActiveCfg = Release|Any CPU
		{9842B2BB-050E-41E3-A1B7-FCB5E54F1AF9}.Release|iPhoneSimulator.Build.0 = Release|Any CPU
		{9842B2BB-050E-41E3-A1B7-FCB5E54F1AF9}.Release|x64.ActiveCfg = Release|Any CPU
		{9842B2BB-050E-41E3-A1B7-FCB5E54F1AF9}.Release|x64.Build.0 = Release|Any CPU
		{9842B2BB-050E-41E3-A1B7-FCB5E54F1AF9}.Release|x86.ActiveCfg = Release|Any CPU
		{9842B2BB-050E-41E3-A1B7-FCB5E54F1AF9}.Release|x86.Build.0 = Release|Any CPU
	EndGlobalSection
	GlobalSection(SolutionProperties) = preSolution
		HideSolutionNode = FALSE
	EndGlobalSection
	GlobalSection(ExtensibilityGlobals) = postSolution
		SolutionGuid = {76D28D43-40D1-4857-95A0-A11F2DEAB5B4}
	EndGlobalSection
EndGlobal
